
Microsoft Visual Studio Solution File, Format Version 12.00
# Visual Studio Version 17
VisualStudioVersion = 17.14.36203.30
MinimumVisualStudioVersion = 10.0.40219.1
Project("{FAE04EC0-301F-11D3-BF4B-00C04F79EFBC}") = "TariffComparison", "TariffComparison\TariffComparison.csproj", "{B4026AC9-6CEC-7F42-0B40-E94131C1D27E}"
EndProject
Project("{FAE04EC0-301F-11D3-BF4B-00C04F79EFBC}") = "TariffComparison.Test", "TariffComparison.Test\TariffComparison.Test.csproj", "{9725D81D-DFB0-2FA7-3D42-25591631B188}"
EndProject
Global
	GlobalSection(SolutionConfigurationPlatforms) = preSolution
		Debug|Any CPU = Debug|Any CPU
		Release|Any CPU = Release|Any CPU
	EndGlobalSection
	GlobalSection(ProjectConfigurationPlatforms) = postSolution
		{B4026AC9-6CEC-7F42-0B40-E94131C1D27E}.Debug|Any CPU.ActiveCfg = Debug|Any CPU
		{B4026AC9-6CEC-7F42-0B40-E94131C1D27E}.Debug|Any CPU.Build.0 = Debug|Any CPU
		{B4026AC9-6CEC-7F42-0B40-E94131C1D27E}.Release|Any CPU.ActiveCfg = Release|Any CPU
		{B4026AC9-6CEC-7F42-0B40-E94131C1D27E}.Release|Any CPU.Build.0 = Release|Any CPU
		{9725D81D-DFB0-2FA7-3D42-25591631B188}.Debug|Any CPU.ActiveCfg = Debug|Any CPU
		{9725D81D-DFB0-2FA7-3D42-25591631B188}.Debug|Any CPU.Build.0 = Debug|Any CPU
		{9725D81D-DFB0-2FA7-3D42-25591631B188}.Release|Any CPU.ActiveCfg = Release|Any CPU
		{9725D81D-DFB0-2FA7-3D42-25591631B188}.Release|Any CPU.Build.0 = Release|Any CPU
	EndGlobalSection
	GlobalSection(SolutionProperties) = preSolution
		HideSolutionNode = FALSE
	EndGlobalSection
	GlobalSection(ExtensibilityGlobals) = postSolution
		SolutionGuid = {7A7940F4-6EE2-40E5-8321-1D87DAA7E422}
	EndGlobalSection
EndGlobal
